
Microsoft Visual Studio Solution File, Format Version 12.00
# Visual Studio Version 17
VisualStudioVersion = 17.6.33815.320
MinimumVisualStudioVersion = 10.0.40219.1
Project("{FAE04EC0-301F-11D3-BF4B-00C04F79EFBC}") = "PersonelApp.Web", "PersonelApp.Web\PersonelApp.Web.csproj", "{F7F74C08-88C5-4593-889F-217164097301}"
EndProject
Global
	GlobalSection(SolutionConfigurationPlatforms) = preSolution
		Debug|Any CPU = Debug|Any CPU
		Release|Any CPU = Release|Any CPU
	EndGlobalSection
	GlobalSection(ProjectConfigurationPlatforms) = postSolution
		{F7F74C08-88C5-4593-889F-217164097301}.Debug|Any CPU.ActiveCfg = Debug|Any CPU
		{F7F74C08-88C5-4593-889F-217164097301}.Debug|Any CPU.Build.0 = Debug|Any CPU
		{F7F74C08-88C5-4593-889F-217164097301}.Release|Any CPU.ActiveCfg = Release|Any CPU
		{F7F74C08-88C5-4593-889F-217164097301}.Release|Any CPU.Build.0 = Release|Any CPU
	EndGlobalSection
	GlobalSection(SolutionProperties) = preSolution
		HideSolutionNode = FALSE
	EndGlobalSection
	GlobalSection(ExtensibilityGlobals) = postSolution
		SolutionGuid = {B2F98FD7-A1FE-43E6-BA28-2714FD3AADCB}
	EndGlobalSection
EndGlobal
